
Microsoft Visual Studio Solution File, Format Version 12.00
# Visual Studio Version 17
VisualStudioVersion = 17.4.33205.214
MinimumVisualStudioVersion = 10.0.40219.1
Project("{9A19103F-16F7-4668-BE54-9A1E7A4F7556}") = "ScoreGalore", "src\ScoreGalore.csproj", "{1451657D-2EC6-413A-9795-753DB6B41318}"
EndProject
Global
	GlobalSection(SolutionConfigurationPlatforms) = preSolution
		Debug|Any CPU = Debug|Any CPU
		Release|Any CPU = Release|Any CPU
	EndGlobalSection
	GlobalSection(ProjectConfigurationPlatforms) = postSolution
		{1451657D-2EC6-413A-9795-753DB6B41318}.Debug|Any CPU.ActiveCfg = Debug|Any CPU
		{1451657D-2EC6-413A-9795-753DB6B41318}.Debug|Any CPU.Build.0 = Debug|Any CPU
		{1451657D-2EC6-413A-9795-753DB6B41318}.Release|Any CPU.ActiveCfg = Release|Any CPU
		{1451657D-2EC6-413A-9795-753DB6B41318}.Release|Any CPU.Build.0 = Release|Any CPU
	EndGlobalSection
	GlobalSection(SolutionProperties) = preSolution
		HideSolutionNode = FALSE
	EndGlobalSection
	GlobalSection(ExtensibilityGlobals) = postSolution
		SolutionGuid = {6DC27161-A82F-4F9C-B3F3-75003D2ACB7E}
	EndGlobalSection
EndGlobal
